<?xml version="1.0" encoding="utf-8"?>
<Project ToolsVersion="4.0" xmlns="http://schemas.microsoft.com/developer/msbuild/2003">
  <ItemGroup>
    <Filter Include="game">
      <UniqueIdentifier>{26a3a6b8-3242-4d99-8470-31acb11fb918}</UniqueIdentifier>
    </Filter>
    <Filter Include="game\scene">
      <UniqueIdentifier>{89552a45-500e-47b0-8b26-39fd96ba940e}</UniqueIdentifier>
    </Filter>
    <Filter Include="game\singleton">
      <UniqueIdentifier>{0ef40f81-873d-444c-b67d-30bffcb5b725}</UniqueIdentifier>
    </Filter>
    <Filter Include="game\utils">
      <UniqueIdentifier>{4f43163a-2c2f-47e0-98c2-a4452e96a13f}</UniqueIdentifier>
    </Filter>
    <Filter Include="game\scene\test">
      <UniqueIdentifier>{1872c241-cd9a-4da5-ac92-28e13bb78c37}</UniqueIdentifier>
    </Filter>
    <Filter Include="game\scene\title">
      <UniqueIdentifier>{e5a2beae-ec27-430a-a1f2-5c54823cac15}</UniqueIdentifier>
    </Filter>
    <Filter Include="game\scene\battle">
      <UniqueIdentifier>{41504660-65c4-4d51-b872-38810d8ccaf5}</UniqueIdentifier>
    </Filter>
    <Filter Include="game\scene\result">
      <UniqueIdentifier>{86906f3b-276d-4d46-8df0-b51956377f1d}</UniqueIdentifier>
    </Filter>
    <Filter Include="game\scene\achievement">
      <UniqueIdentifier>{3152bc86-a0ee-4af2-85b5-a6042129c689}</UniqueIdentifier>
    </Filter>
    <Filter Include="game\device">
      <UniqueIdentifier>{4aba9689-60c6-4da3-8a6c-b049d308f4be}</UniqueIdentifier>
    </Filter>
    <Filter Include="game\device\input">
      <UniqueIdentifier>{3ee98729-4b7c-4cbf-97e5-cf77d8df58bc}</UniqueIdentifier>
    </Filter>
    <Filter Include="game\device\graphic">
      <UniqueIdentifier>{70abd3f8-c67a-4fe0-b9db-7248694e064c}</UniqueIdentifier>
    </Filter>
    <Filter Include="game\device\fps">
      <UniqueIdentifier>{579ec052-97b0-46db-a605-5def77e343a7}</UniqueIdentifier>
    </Filter>
    <Filter Include="game\device\audio">
      <UniqueIdentifier>{9abf57c3-c64f-4010-b815-ebc63e4b9948}</UniqueIdentifier>
    </Filter>
    <Filter Include="game\device\text">
      <UniqueIdentifier>{c76b0ce5-4973-4bb3-9af5-74ebdcc4c1a3}</UniqueIdentifier>
    </Filter>
    <Filter Include="game\object">
      <UniqueIdentifier>{8f84194b-612f-4aa4-bdd6-803c96a9c11a}</UniqueIdentifier>
    </Filter>
    <Filter Include="game\object\character">
      <UniqueIdentifier>{765fb5ff-c6a2-46b1-ab97-e004e048bcb0}</UniqueIdentifier>
    </Filter>
    <Filter Include="game\object\character\npc">
      <UniqueIdentifier>{c6e69da3-73aa-43bb-b0a9-6144dc3503c2}</UniqueIdentifier>
    </Filter>
    <Filter Include="game\object\character\enemy">
      <UniqueIdentifier>{775fba62-c55a-4742-8957-ff6be9e95195}</UniqueIdentifier>
    </Filter>
    <Filter Include="game\object\character\player">
      <UniqueIdentifier>{291a713f-bfa5-4149-bdc3-cf1832f969a5}</UniqueIdentifier>
    </Filter>
    <Filter Include="game\object\field">
      <UniqueIdentifier>{2a2cf11d-6075-4cb2-bf17-b2fc653f83b9}</UniqueIdentifier>
    </Filter>
    <Filter Include="game\object\block">
      <UniqueIdentifier>{49dd2da2-8f03-4983-9c28-4266e399b26a}</UniqueIdentifier>
    </Filter>
    <Filter Include="game\object\item">
      <UniqueIdentifier>{bbc49477-10d7-4c8d-8604-e1949e935ed5}</UniqueIdentifier>
    </Filter>
    <Filter Include="game\object\effect">
      <UniqueIdentifier>{59535831-226a-41b9-95c4-4fa7c18a460d}</UniqueIdentifier>
    </Filter>
  </ItemGroup>
  <ItemGroup>
    <ClCompile Include="src\scene\base_scene.cpp">
      <Filter>game\scene</Filter>
    </ClCompile>
    <ClCompile Include="src\scene\scene_manager.cpp">
      <Filter>game\scene</Filter>
    </ClCompile>
    <ClCompile Include="src\game_core.cpp">
      <Filter>game</Filter>
    </ClCompile>
    <ClCompile Include="src\main.cpp">
      <Filter>game</Filter>
    </ClCompile>
    <ClCompile Include="src\utils\string_util.cpp">
      <Filter>game\utils</Filter>
    </ClCompile>
    <ClCompile Include="src\device\audio\music_player.cpp">
      <Filter>game\device\audio</Filter>
    </ClCompile>
    <ClCompile Include="src\device\fps\fps_controller.cpp">
      <Filter>game\device\fps</Filter>
    </ClCompile>
    <ClCompile Include="src\device\graphic\image_manager.cpp">
      <Filter>game\device\graphic</Filter>
    </ClCompile>
    <ClCompile Include="src\device\input\input_receiver.cpp">
      <Filter>game\device\input</Filter>
    </ClCompile>
    <ClCompile Include="src\device\text\font_manager.cpp">
      <Filter>game\device\text</Filter>
    </ClCompile>
    <ClCompile Include="src\scene\achievement\achievement_scene.cpp">
      <Filter>game\scene\achievement</Filter>
    </ClCompile>
    <ClCompile Include="src\scene\battle\battle_scene.cpp">
      <Filter>game\scene\battle</Filter>
    </ClCompile>
    <ClCompile Include="src\scene\result\result_scene.cpp">
      <Filter>game\scene\result</Filter>
    </ClCompile>
    <ClCompile Include="src\scene\test\test_scene.cpp">
      <Filter>game\scene\test</Filter>
    </ClCompile>
    <ClCompile Include="src\scene\title\title_scene.cpp">
      <Filter>game\scene\title</Filter>
    </ClCompile>
    <ClCompile Include="src\object\character\character.cpp">
      <Filter>game\object\character</Filter>
    </ClCompile>
    <ClCompile Include="src\object\character\player\player.cpp">
      <Filter>game\object\character\player</Filter>
    </ClCompile>
    <ClCompile Include="src\object\character\enemy\enemy.cpp">
      <Filter>game\object\character\enemy</Filter>
    </ClCompile>
    <ClCompile Include="src\object\character\npc\npc.cpp">
      <Filter>game\object\character\npc</Filter>
    </ClCompile>
    <ClCompile Include="src\object\field\field.cpp">
      <Filter>game\object\field</Filter>
    </ClCompile>
    <ClCompile Include="src\object\block\block.cpp">
      <Filter>game\object\block</Filter>
    </ClCompile>
    <ClCompile Include="src\object\item\item.cpp">
      <Filter>game\object\item</Filter>
    </ClCompile>
    <ClCompile Include="src\object\block\block_factory.cpp">
      <Filter>game\object\block</Filter>
    </ClCompile>
    <ClCompile Include="src\object\item\item_factory.cpp">
      <Filter>game\object\item</Filter>
    </ClCompile>
    <ClCompile Include="src\object\effect\effect_maker.cpp">
      <Filter>game\object\effect</Filter>
    </ClCompile>
  </ItemGroup>
  <ItemGroup>
    <ClInclude Include="src\scene\base_scene.h">
      <Filter>game\scene</Filter>
    </ClInclude>
    <ClInclude Include="src\scene\scene_manager.h">
      <Filter>game\scene</Filter>
    </ClInclude>
    <ClInclude Include="src\game_core.h">
      <Filter>game</Filter>
    </ClInclude>
    <ClInclude Include="src\singleton\singleton.h">
      <Filter>game\singleton</Filter>
    </ClInclude>
    <ClInclude Include="src\utils\string_util.h">
      <Filter>game\utils</Filter>
    </ClInclude>
    <ClInclude Include="src\device\audio\music_player.h">
      <Filter>game\device\audio</Filter>
    </ClInclude>
    <ClInclude Include="src\device\fps\fps_controller.h">
      <Filter>game\device\fps</Filter>
    </ClInclude>
    <ClInclude Include="src\device\graphic\image_manager.h">
      <Filter>game\device\graphic</Filter>
    </ClInclude>
    <ClInclude Include="src\device\input\input_receiver.h">
      <Filter>game\device\input</Filter>
    </ClInclude>
    <ClInclude Include="src\device\text\font_manager.h">
      <Filter>game\device\text</Filter>
    </ClInclude>
    <ClInclude Include="src\scene\achievement\achievement_scene.h">
      <Filter>game\scene\achievement</Filter>
    </ClInclude>
    <ClInclude Include="src\scene\battle\battle_scene.h">
      <Filter>game\scene\battle</Filter>
    </ClInclude>
    <ClInclude Include="src\scene\result\result_scene.h">
      <Filter>game\scene\result</Filter>
    </ClInclude>
    <ClInclude Include="src\scene\test\test_scene.h">
      <Filter>game\scene\test</Filter>
    </ClInclude>
    <ClInclude Include="src\scene\title\title_scene.h">
      <Filter>game\scene\title</Filter>
    </ClInclude>
    <ClInclude Include="src\object\character\character.h">
      <Filter>game\object\character</Filter>
    </ClInclude>
    <ClInclude Include="src\object\character\player\player.h">
      <Filter>game\object\character\player</Filter>
    </ClInclude>
    <ClInclude Include="src\object\character\enemy\enemy.h">
      <Filter>game\object\character\enemy</Filter>
    </ClInclude>
    <ClInclude Include="src\object\character\npc\npc.h">
      <Filter>game\object\character\npc</Filter>
    </ClInclude>
    <ClInclude Include="src\object\field\field.h">
      <Filter>game\object\field</Filter>
    </ClInclude>
    <ClInclude Include="src\object\block\block.h">
      <Filter>game\object\block</Filter>
    </ClInclude>
    <ClInclude Include="src\object\item\item.h">
      <Filter>game\object\item</Filter>
    </ClInclude>
    <ClInclude Include="src\object\block\block_factory.h">
      <Filter>game\object\block</Filter>
    </ClInclude>
    <ClInclude Include="src\object\item\item_factory.h">
      <Filter>game\object\item</Filter>
    </ClInclude>
    <ClInclude Include="src\object\effect\effect_maker.h">
      <Filter>game\object\effect</Filter>
    </ClInclude>
  </ItemGroup>
</Project>