<?xml version="1.0" encoding="utf-8"?>
<Project ToolsVersion="4.0" xmlns="http://schemas.microsoft.com/developer/msbuild/2003">
  <ItemGroup>
    <Filter Include="game">
      <UniqueIdentifier>{26a3a6b8-3242-4d99-8470-31acb11fb918}</UniqueIdentifier>
    </Filter>
    <Filter Include="game\effect">
      <UniqueIdentifier>{e53f6773-c8e4-46ff-aad2-89c0f61dc781}</UniqueIdentifier>
    </Filter>
    <Filter Include="game\fps">
      <UniqueIdentifier>{579ec052-97b0-46db-a605-5def77e343a7}</UniqueIdentifier>
    </Filter>
    <Filter Include="game\input">
      <UniqueIdentifier>{3ee98729-4b7c-4cbf-97e5-cf77d8df58bc}</UniqueIdentifier>
    </Filter>
    <Filter Include="game\scene">
      <UniqueIdentifier>{89552a45-500e-47b0-8b26-39fd96ba940e}</UniqueIdentifier>
    </Filter>
    <Filter Include="game\audio">
      <UniqueIdentifier>{9abf57c3-c64f-4010-b815-ebc63e4b9948}</UniqueIdentifier>
    </Filter>
    <Filter Include="game\singleton">
      <UniqueIdentifier>{0ef40f81-873d-444c-b67d-30bffcb5b725}</UniqueIdentifier>
    </Filter>
  </ItemGroup>
  <ItemGroup>
    <ClCompile Include="src\scene\achievement_scene.cpp">
      <Filter>game\scene</Filter>
    </ClCompile>
    <ClCompile Include="src\scene\base_scene.cpp">
      <Filter>game\scene</Filter>
    </ClCompile>
    <ClCompile Include="src\scene\game_scene.cpp">
      <Filter>game\scene</Filter>
    </ClCompile>
    <ClCompile Include="src\scene\result_scene.cpp">
      <Filter>game\scene</Filter>
    </ClCompile>
    <ClCompile Include="src\scene\title_scene.cpp">
      <Filter>game\scene</Filter>
    </ClCompile>
    <ClCompile Include="src\scene\scene_factory.cpp">
      <Filter>game\scene</Filter>
    </ClCompile>
    <ClCompile Include="src\scene\scene_mover.cpp">
      <Filter>game\scene</Filter>
    </ClCompile>
    <ClCompile Include="src\scene\scene_manager.cpp">
      <Filter>game\scene</Filter>
    </ClCompile>
    <ClCompile Include="src\fps\fps_controller.cpp">
      <Filter>game\fps</Filter>
    </ClCompile>
    <ClCompile Include="src\effect\effect_maker.cpp">
      <Filter>game\effect</Filter>
    </ClCompile>
    <ClCompile Include="src\input\input_receiver.cpp">
      <Filter>game\input</Filter>
    </ClCompile>
    <ClCompile Include="src\game_core.cpp">
      <Filter>game</Filter>
    </ClCompile>
    <ClCompile Include="src\main.cpp">
      <Filter>game</Filter>
    </ClCompile>
    <ClCompile Include="src\audio\music_player.cpp">
      <Filter>game\audio</Filter>
    </ClCompile>
  </ItemGroup>
  <ItemGroup>
    <ClInclude Include="src\scene\achievement_scene.h">
      <Filter>game\scene</Filter>
    </ClInclude>
    <ClInclude Include="src\scene\base_scene.h">
      <Filter>game\scene</Filter>
    </ClInclude>
    <ClInclude Include="src\scene\game_scene.h">
      <Filter>game\scene</Filter>
    </ClInclude>
    <ClInclude Include="src\scene\result_scene.h">
      <Filter>game\scene</Filter>
    </ClInclude>
    <ClInclude Include="src\scene\scene_enum.h">
      <Filter>game\scene</Filter>
    </ClInclude>
    <ClInclude Include="src\scene\scene_factory.h">
      <Filter>game\scene</Filter>
    </ClInclude>
    <ClInclude Include="src\scene\scene_manager.h">
      <Filter>game\scene</Filter>
    </ClInclude>
    <ClInclude Include="src\scene\scene_mover.h">
      <Filter>game\scene</Filter>
    </ClInclude>
    <ClInclude Include="src\scene\title_scene.h">
      <Filter>game\scene</Filter>
    </ClInclude>
    <ClInclude Include="src\effect\effect_maker.h">
      <Filter>game\effect</Filter>
    </ClInclude>
    <ClInclude Include="src\fps\fps_controller.h">
      <Filter>game\fps</Filter>
    </ClInclude>
    <ClInclude Include="src\input\input_receiver.h">
      <Filter>game\input</Filter>
    </ClInclude>
    <ClInclude Include="src\game_core.h">
      <Filter>game</Filter>
    </ClInclude>
    <ClInclude Include="src\audio\music_player.h">
      <Filter>game\audio</Filter>
    </ClInclude>
    <ClInclude Include="src\singleton\singleton.h">
      <Filter>game\singleton</Filter>
    </ClInclude>
  </ItemGroup>
</Project>